{
 "artifacts": {
  "darwin-arm64/25.8": {
   "file": "chtypes-25.8.28.1-lts-darwin-arm64.tar.gz",
   "sha256": "5316b7fa9509b0790f85687e02c9a43c0566c66518dfbdb827e2be797d9122a7"
  },
  "darwin-arm64/26.7": {
   "file": "chtypes-26.7.3.19-stable-darwin-arm64.tar.gz",
   "sha256": "d7f97dfb6c20707974846dff72312b97b3c8edc3531d222eea4e31693286a44e"
  },
  "linux-amd64/25.8": {
   "file": "chtypes-25.8.28.1-lts-linux-amd64.tar.gz",
   "sha256": "335b6d1b8511c8f2e0f30aebb9d9c71713d72dde40fc881c3b9e9c5e5a836097"
  },
  "linux-amd64/26.7": {
   "file": "chtypes-26.7.3.19-stable-linux-amd64.tar.gz",
   "sha256": "4cbe4cf255da20514244b0ea48fec97fe5de796270e76a1370c9d4dbc2af066a"
  },
  "linux-arm64/25.8": {
   "file": "chtypes-25.8.28.1-lts-linux-arm64.tar.gz",
   "sha256": "0fa52f4711834df0f4cd8ddb646333832c2357cc865aea1a86403468c543e89c"
  },
  "linux-arm64/26.7": {
   "file": "chtypes-26.7.3.19-stable-linux-arm64.tar.gz",
   "sha256": "0894449229c9fdd3be86ec3421d947f71ea7f8c1ae3e67c5168fc74199c6dc7c"
  }
 },
 "schema": 1
}
