{
 "artifacts": {
  "darwin-arm64/25.8": {
   "file": "chtypes-25.8.28.1-lts-darwin-arm64.tar.gz",
   "sha256": "cf44a7cd7d4ac47ba5db3a38826be2ca4a58d7c28a64faad42f16f853c4a7f66"
  },
  "darwin-arm64/26.7": {
   "file": "chtypes-26.7.3.19-stable-darwin-arm64.tar.gz",
   "sha256": "1d8867118c00a789bef4701d797d927913410650a46d731800b1db08445d40eb"
  },
  "linux-amd64/25.8": {
   "file": "chtypes-25.8.28.1-lts-linux-amd64.tar.gz",
   "sha256": "cf3ca37b702f55fe110d8b5db860429b5d9ab6849fb0dedbacbd364ff8015770"
  },
  "linux-amd64/26.7": {
   "file": "chtypes-26.7.3.19-stable-linux-amd64.tar.gz",
   "sha256": "2419e99be5ce7ac8f2905c769ab20cd02e8b01b59288e1d40074d99629af66f1"
  },
  "linux-arm64/25.8": {
   "file": "chtypes-25.8.28.1-lts-linux-arm64.tar.gz",
   "sha256": "bc9e4a6dc263c10dae14cf5f0c51ebeb0d051b30140e2d1f766467a5ca847f65"
  },
  "linux-arm64/26.7": {
   "file": "chtypes-26.7.3.19-stable-linux-arm64.tar.gz",
   "sha256": "bddcdcd6ba8cf9a0ae550553983c1c5acc150c28032c1049ae0ad559bbf4b690"
  }
 },
 "schema": 1
}
